
Microsoft Visual Studio Solution File, Format Version 12.00
# Visual Studio Version 17
VisualStudioVersion = 17.14.36603.0
MinimumVisualStudioVersion = 10.0.40219.1
Project("{2150E333-8FDC-42A3-9474-1A3956D46DE8}") = "Task_1", "Task_1", "{02EA681E-C7D8-13C7-8484-4AC65E1B71E8}"
EndProject
Project("{2150E333-8FDC-42A3-9474-1A3956D46DE8}") = "Lab1.App", "Lab1.App", "{13DC907C-AE2E-43E7-B3E5-411161616C31}"
EndProject
Project("{2150E333-8FDC-42A3-9474-1A3956D46DE8}") = "Lab1.Class", "Lab1.Class", "{781807A9-3BEB-4CF7-A0AA-20CE944A9602}"
EndProject
Project("{FAE04EC0-301F-11D3-BF4B-00C04F79EFBC}") = "Lab1.Libraries", "Lab1.Libraries\Lab1.Libraries.csproj", "{15D9E072-9FD0-4170-B08D-8B0687F4340D}"
EndProject
Project("{FAE04EC0-301F-11D3-BF4B-00C04F79EFBC}") = "Lab1.App", "Lab1.App\Lab1.App.csproj", "{A99C0729-4E60-4A26-B20A-FC84A5B19971}"
EndProject
Project("{2150E333-8FDC-42A3-9474-1A3956D46DE8}") = "Lab2.Class", "Lab2.Class", "{0BF3EB1B-AA0F-4E72-A25E-7C7DCC178AF6}"
EndProject
Project("{FAE04EC0-301F-11D3-BF4B-00C04F79EFBC}") = "Lab2.Libraries", "Lab2.Libraries\Lab2.Libraries.csproj", "{CC6903E3-0931-49C5-8B1A-8166E2DAF876}"
EndProject
Project("{2150E333-8FDC-42A3-9474-1A3956D46DE8}") = "Task_2", "Task_2", "{998C35E8-1DCE-44CB-82F1-F3D9FB12698E}"
EndProject
Project("{2150E333-8FDC-42A3-9474-1A3956D46DE8}") = "Lab2.App", "Lab2.App", "{E3588AF2-40A2-487A-8512-871E929E0A36}"
EndProject
Project("{FAE04EC0-301F-11D3-BF4B-00C04F79EFBC}") = "Lab2.App", "Lab2.App\Lab2.App.csproj", "{37A6F881-CC63-4AB6-B9C1-9ADC86A5AB48}"
EndProject
Project("{2150E333-8FDC-42A3-9474-1A3956D46DE8}") = "Task_3", "Task_3", "{90A5DBE5-DC7D-484F-A67C-B5416C90ABD1}"
EndProject
Project("{2150E333-8FDC-42A3-9474-1A3956D46DE8}") = "Lab3.App", "Lab3.App", "{A08E5866-9396-4E45-92A3-6D9D45B15D11}"
EndProject
Project("{2150E333-8FDC-42A3-9474-1A3956D46DE8}") = "Lab3.Class", "Lab3.Class", "{E601AA50-71AE-4C41-A221-19A0BF4B93DA}"
EndProject
Project("{FAE04EC0-301F-11D3-BF4B-00C04F79EFBC}") = "Lab3.App", "Lab3.App\Lab3.App.csproj", "{9810DC58-A467-4323-9185-71A872E15D7F}"
EndProject
Project("{FAE04EC0-301F-11D3-BF4B-00C04F79EFBC}") = "Lab3.Library", "Lab3.Library\Lab3.Library.csproj", "{B236E32F-ED3C-46E1-B31F-5A784F73135F}"
EndProject
Project("{2150E333-8FDC-42A3-9474-1A3956D46DE8}") = "ShareClass", "ShareClass", "{78803FEA-6197-48F5-B741-C873971F0A53}"
EndProject
Project("{FAE04EC0-301F-11D3-BF4B-00C04F79EFBC}") = "ShareLibrary", "ShareLibrary\ShareLibrary.csproj", "{C0EEFD53-DBD0-434A-B4AA-14F3DA12CA4A}"
EndProject
Global
	GlobalSection(SolutionConfigurationPlatforms) = preSolution
		Debug|Any CPU = Debug|Any CPU
		Release|Any CPU = Release|Any CPU
	EndGlobalSection
	GlobalSection(ProjectConfigurationPlatforms) = postSolution
		{15D9E072-9FD0-4170-B08D-8B0687F4340D}.Debug|Any CPU.ActiveCfg = Debug|Any CPU
		{15D9E072-9FD0-4170-B08D-8B0687F4340D}.Debug|Any CPU.Build.0 = Debug|Any CPU
		{15D9E072-9FD0-4170-B08D-8B0687F4340D}.Release|Any CPU.ActiveCfg = Release|Any CPU
		{15D9E072-9FD0-4170-B08D-8B0687F4340D}.Release|Any CPU.Build.0 = Release|Any CPU
		{A99C0729-4E60-4A26-B20A-FC84A5B19971}.Debug|Any CPU.ActiveCfg = Debug|Any CPU
		{A99C0729-4E60-4A26-B20A-FC84A5B19971}.Debug|Any CPU.Build.0 = Debug|Any CPU
		{A99C0729-4E60-4A26-B20A-FC84A5B19971}.Release|Any CPU.ActiveCfg = Release|Any CPU
		{A99C0729-4E60-4A26-B20A-FC84A5B19971}.Release|Any CPU.Build.0 = Release|Any CPU
		{CC6903E3-0931-49C5-8B1A-8166E2DAF876}.Debug|Any CPU.ActiveCfg = Debug|Any CPU
		{CC6903E3-0931-49C5-8B1A-8166E2DAF876}.Debug|Any CPU.Build.0 = Debug|Any CPU
		{CC6903E3-0931-49C5-8B1A-8166E2DAF876}.Release|Any CPU.ActiveCfg = Release|Any CPU
		{CC6903E3-0931-49C5-8B1A-8166E2DAF876}.Release|Any CPU.Build.0 = Release|Any CPU
		{37A6F881-CC63-4AB6-B9C1-9ADC86A5AB48}.Debug|Any CPU.ActiveCfg = Debug|Any CPU
		{37A6F881-CC63-4AB6-B9C1-9ADC86A5AB48}.Debug|Any CPU.Build.0 = Debug|Any CPU
		{37A6F881-CC63-4AB6-B9C1-9ADC86A5AB48}.Release|Any CPU.ActiveCfg = Release|Any CPU
		{37A6F881-CC63-4AB6-B9C1-9ADC86A5AB48}.Release|Any CPU.Build.0 = Release|Any CPU
		{9810DC58-A467-4323-9185-71A872E15D7F}.Debug|Any CPU.ActiveCfg = Debug|Any CPU
		{9810DC58-A467-4323-9185-71A872E15D7F}.Debug|Any CPU.Build.0 = Debug|Any CPU
		{9810DC58-A467-4323-9185-71A872E15D7F}.Release|Any CPU.ActiveCfg = Release|Any CPU
		{9810DC58-A467-4323-9185-71A872E15D7F}.Release|Any CPU.Build.0 = Release|Any CPU
		{B236E32F-ED3C-46E1-B31F-5A784F73135F}.Debug|Any CPU.ActiveCfg = Debug|Any CPU
		{B236E32F-ED3C-46E1-B31F-5A784F73135F}.Debug|Any CPU.Build.0 = Debug|Any CPU
		{B236E32F-ED3C-46E1-B31F-5A784F73135F}.Release|Any CPU.ActiveCfg = Release|Any CPU
		{B236E32F-ED3C-46E1-B31F-5A784F73135F}.Release|Any CPU.Build.0 = Release|Any CPU
		{C0EEFD53-DBD0-434A-B4AA-14F3DA12CA4A}.Debug|Any CPU.ActiveCfg = Debug|Any CPU
		{C0EEFD53-DBD0-434A-B4AA-14F3DA12CA4A}.Debug|Any CPU.Build.0 = Debug|Any CPU
		{C0EEFD53-DBD0-434A-B4AA-14F3DA12CA4A}.Release|Any CPU.ActiveCfg = Release|Any CPU
		{C0EEFD53-DBD0-434A-B4AA-14F3DA12CA4A}.Release|Any CPU.Build.0 = Release|Any CPU
	EndGlobalSection
	GlobalSection(SolutionProperties) = preSolution
		HideSolutionNode = FALSE
	EndGlobalSection
	GlobalSection(NestedProjects) = preSolution
		{13DC907C-AE2E-43E7-B3E5-411161616C31} = {02EA681E-C7D8-13C7-8484-4AC65E1B71E8}
		{781807A9-3BEB-4CF7-A0AA-20CE944A9602} = {02EA681E-C7D8-13C7-8484-4AC65E1B71E8}
		{15D9E072-9FD0-4170-B08D-8B0687F4340D} = {781807A9-3BEB-4CF7-A0AA-20CE944A9602}
		{A99C0729-4E60-4A26-B20A-FC84A5B19971} = {13DC907C-AE2E-43E7-B3E5-411161616C31}
		{0BF3EB1B-AA0F-4E72-A25E-7C7DCC178AF6} = {998C35E8-1DCE-44CB-82F1-F3D9FB12698E}
		{CC6903E3-0931-49C5-8B1A-8166E2DAF876} = {0BF3EB1B-AA0F-4E72-A25E-7C7DCC178AF6}
		{E3588AF2-40A2-487A-8512-871E929E0A36} = {998C35E8-1DCE-44CB-82F1-F3D9FB12698E}
		{37A6F881-CC63-4AB6-B9C1-9ADC86A5AB48} = {E3588AF2-40A2-487A-8512-871E929E0A36}
		{A08E5866-9396-4E45-92A3-6D9D45B15D11} = {90A5DBE5-DC7D-484F-A67C-B5416C90ABD1}
		{E601AA50-71AE-4C41-A221-19A0BF4B93DA} = {90A5DBE5-DC7D-484F-A67C-B5416C90ABD1}
		{9810DC58-A467-4323-9185-71A872E15D7F} = {A08E5866-9396-4E45-92A3-6D9D45B15D11}
		{B236E32F-ED3C-46E1-B31F-5A784F73135F} = {E601AA50-71AE-4C41-A221-19A0BF4B93DA}
		{C0EEFD53-DBD0-434A-B4AA-14F3DA12CA4A} = {78803FEA-6197-48F5-B741-C873971F0A53}
	EndGlobalSection
	GlobalSection(ExtensibilityGlobals) = postSolution
		SolutionGuid = {9BBBF7A9-5764-41D8-A0AF-9746162947DE}
	EndGlobalSection
EndGlobal
